
Microsoft Visual Studio Solution File, Format Version 12.00
# Visual Studio Version 17
VisualStudioVersion = 17.0.31903.59
MinimumVisualStudioVersion = 10.0.40219.1
Project("{2150E333-8FDC-42A3-9474-1A3956D46DE8}") = "backend", "backend", "{1AE8ACA6-933B-BF2A-3671-3E2EAC007D16}"
EndProject
Project("{2150E333-8FDC-42A3-9474-1A3956D46DE8}") = "src", "src", "{0F9113EE-888A-26D2-68B0-4A7D0A2A8745}"
EndProject
Project("{FAE04EC0-301F-11D3-BF4B-00C04F79EFBC}") = "Ecosologic.Domain", "backend\src\Ecosologic.Domain\Ecosologic.Domain.csproj", "{86D94C65-4D0B-4CE7-8E0E-AEC2DCD5E035}"
EndProject
Project("{FAE04EC0-301F-11D3-BF4B-00C04F79EFBC}") = "Ecosologic.Application", "backend\src\Ecosologic.Application\Ecosologic.Application.csproj", "{09BD0BF5-E193-4550-BF3E-0596BDDB8533}"
EndProject
Project("{FAE04EC0-301F-11D3-BF4B-00C04F79EFBC}") = "Ecosologic.Infrastructure", "backend\src\Ecosologic.Infrastructure\Ecosologic.Infrastructure.csproj", "{AF923C29-7E6C-4CC1-936D-F056C2BF24E4}"
EndProject
Project("{FAE04EC0-301F-11D3-BF4B-00C04F79EFBC}") = "Ecosologic.Api", "backend\src\Ecosologic.Api\Ecosologic.Api.csproj", "{9A4E51F4-DBD0-4EB0-88F9-7891242654DC}"
EndProject
Project("{2150E333-8FDC-42A3-9474-1A3956D46DE8}") = "tests", "tests", "{F57642F3-C37C-D174-720E-6A6AAD5BEE22}"
EndProject
Project("{FAE04EC0-301F-11D3-BF4B-00C04F79EFBC}") = "Ecosologic.Domain.Tests", "backend\tests\Ecosologic.Domain.Tests\Ecosologic.Domain.Tests.csproj", "{C9551FF4-FD1B-4940-9453-4440197B9C63}"
EndProject
Project("{FAE04EC0-301F-11D3-BF4B-00C04F79EFBC}") = "Ecosologic.Api.Tests", "backend\tests\Ecosologic.Api.Tests\Ecosologic.Api.Tests.csproj", "{4DD45617-BAF8-4A3D-A38D-DB84D2150D4F}"
EndProject
Global
	GlobalSection(SolutionConfigurationPlatforms) = preSolution
		Debug|Any CPU = Debug|Any CPU
		Debug|x64 = Debug|x64
		Debug|x86 = Debug|x86
		Release|Any CPU = Release|Any CPU
		Release|x64 = Release|x64
		Release|x86 = Release|x86
	EndGlobalSection
	GlobalSection(ProjectConfigurationPlatforms) = postSolution
		{86D94C65-4D0B-4CE7-8E0E-AEC2DCD5E035}.Debug|Any CPU.ActiveCfg = Debug|Any CPU
		{86D94C65-4D0B-4CE7-8E0E-AEC2DCD5E035}.Debug|Any CPU.Build.0 = Debug|Any CPU
		{86D94C65-4D0B-4CE7-8E0E-AEC2DCD5E035}.Debug|x64.ActiveCfg = Debug|Any CPU
		{86D94C65-4D0B-4CE7-8E0E-AEC2DCD5E035}.Debug|x64.Build.0 = Debug|Any CPU
		{86D94C65-4D0B-4CE7-8E0E-AEC2DCD5E035}.Debug|x86.ActiveCfg = Debug|Any CPU
		{86D94C65-4D0B-4CE7-8E0E-AEC2DCD5E035}.Debug|x86.Build.0 = Debug|Any CPU
		{86D94C65-4D0B-4CE7-8E0E-AEC2DCD5E035}.Release|Any CPU.ActiveCfg = Release|Any CPU
		{86D94C65-4D0B-4CE7-8E0E-AEC2DCD5E035}.Release|Any CPU.Build.0 = Release|Any CPU
		{86D94C65-4D0B-4CE7-8E0E-AEC2DCD5E035}.Release|x64.ActiveCfg = Release|Any CPU
		{86D94C65-4D0B-4CE7-8E0E-AEC2DCD5E035}.Release|x64.Build.0 = Release|Any CPU
		{86D94C65-4D0B-4CE7-8E0E-AEC2DCD5E035}.Release|x86.ActiveCfg = Release|Any CPU
		{86D94C65-4D0B-4CE7-8E0E-AEC2DCD5E035}.Release|x86.Build.0 = Release|Any CPU
		{09BD0BF5-E193-4550-BF3E-0596BDDB8533}.Debug|Any CPU.ActiveCfg = Debug|Any CPU
		{09BD0BF5-E193-4550-BF3E-0596BDDB8533}.Debug|Any CPU.Build.0 = Debug|Any CPU
		{09BD0BF5-E193-4550-BF3E-0596BDDB8533}.Debug|x64.ActiveCfg = Debug|Any CPU
		{09BD0BF5-E193-4550-BF3E-0596BDDB8533}.Debug|x64.Build.0 = Debug|Any CPU
		{09BD0BF5-E193-4550-BF3E-0596BDDB8533}.Debug|x86.ActiveCfg = Debug|Any CPU
		{09BD0BF5-E193-4550-BF3E-0596BDDB8533}.Debug|x86.Build.0 = Debug|Any CPU
		{09BD0BF5-E193-4550-BF3E-0596BDDB8533}.Release|Any CPU.ActiveCfg = Release|Any CPU
		{09BD0BF5-E193-4550-BF3E-0596BDDB8533}.Release|Any CPU.Build.0 = Release|Any CPU
		{09BD0BF5-E193-4550-BF3E-0596BDDB8533}.Release|x64.ActiveCfg = Release|Any CPU
		{09BD0BF5-E193-4550-BF3E-0596BDDB8533}.Release|x64.Build.0 = Release|Any CPU
		{09BD0BF5-E193-4550-BF3E-0596BDDB8533}.Release|x86.ActiveCfg = Release|Any CPU
		{09BD0BF5-E193-4550-BF3E-0596BDDB8533}.Release|x86.Build.0 = Release|Any CPU
		{AF923C29-7E6C-4CC1-936D-F056C2BF24E4}.Debug|Any CPU.ActiveCfg = Debug|Any CPU
		{AF923C29-7E6C-4CC1-936D-F056C2BF24E4}.Debug|Any CPU.Build.0 = Debug|Any CPU
		{AF923C29-7E6C-4CC1-936D-F056C2BF24E4}.Debug|x64.ActiveCfg = Debug|Any CPU
		{AF923C29-7E6C-4CC1-936D-F056C2BF24E4}.Debug|x64.Build.0 = Debug|Any CPU
		{AF923C29-7E6C-4CC1-936D-F056C2BF24E4}.Debug|x86.ActiveCfg = Debug|Any CPU
		{AF923C29-7E6C-4CC1-936D-F056C2BF24E4}.Debug|x86.Build.0 = Debug|Any CPU
		{AF923C29-7E6C-4CC1-936D-F056C2BF24E4}.Release|Any CPU.ActiveCfg = Release|Any CPU
		{AF923C29-7E6C-4CC1-936D-F056C2BF24E4}.Release|Any CPU.Build.0 = Release|Any CPU
		{AF923C29-7E6C-4CC1-936D-F056C2BF24E4}.Release|x64.ActiveCfg = Release|Any CPU
		{AF923C29-7E6C-4CC1-936D-F056C2BF24E4}.Release|x64.Build.0 = Release|Any CPU
		{AF923C29-7E6C-4CC1-936D-F056C2BF24E4}.Release|x86.ActiveCfg = Release|Any CPU
		{AF923C29-7E6C-4CC1-936D-F056C2BF24E4}.Release|x86.Build.0 = Release|Any CPU
		{9A4E51F4-DBD0-4EB0-88F9-7891242654DC}.Debug|Any CPU.ActiveCfg = Debug|Any CPU
		{9A4E51F4-DBD0-4EB0-88F9-7891242654DC}.Debug|Any CPU.Build.0 = Debug|Any CPU
		{9A4E51F4-DBD0-4EB0-88F9-7891242654DC}.Debug|x64.ActiveCfg = Debug|Any CPU
		{9A4E51F4-DBD0-4EB0-88F9-7891242654DC}.Debug|x64.Build.0 = Debug|Any CPU
		{9A4E51F4-DBD0-4EB0-88F9-7891242654DC}.Debug|x86.ActiveCfg = Debug|Any CPU
		{9A4E51F4-DBD0-4EB0-88F9-7891242654DC}.Debug|x86.Build.0 = Debug|Any CPU
		{9A4E51F4-DBD0-4EB0-88F9-7891242654DC}.Release|Any CPU.ActiveCfg = Release|Any CPU
		{9A4E51F4-DBD0-4EB0-88F9-7891242654DC}.Release|Any CPU.Build.0 = Release|Any CPU
		{9A4E51F4-DBD0-4EB0-88F9-7891242654DC}.Release|x64.ActiveCfg = Release|Any CPU
		{9A4E51F4-DBD0-4EB0-88F9-7891242654DC}.Release|x64.Build.0 = Release|Any CPU
		{9A4E51F4-DBD0-4EB0-88F9-7891242654DC}.Release|x86.ActiveCfg = Release|Any CPU
		{9A4E51F4-DBD0-4EB0-88F9-7891242654DC}.Release|x86.Build.0 = Release|Any CPU
		{C9551FF4-FD1B-4940-9453-4440197B9C63}.Debug|Any CPU.ActiveCfg = Debug|Any CPU
		{C9551FF4-FD1B-4940-9453-4440197B9C63}.Debug|Any CPU.Build.0 = Debug|Any CPU
		{C9551FF4-FD1B-4940-9453-4440197B9C63}.Debug|x64.ActiveCfg = Debug|Any CPU
		{C9551FF4-FD1B-4940-9453-4440197B9C63}.Debug|x64.Build.0 = Debug|Any CPU
		{C9551FF4-FD1B-4940-9453-4440197B9C63}.Debug|x86.ActiveCfg = Debug|Any CPU
		{C9551FF4-FD1B-4940-9453-4440197B9C63}.Debug|x86.Build.0 = Debug|Any CPU
		{C9551FF4-FD1B-4940-9453-4440197B9C63}.Release|Any CPU.ActiveCfg = Release|Any CPU
		{C9551FF4-FD1B-4940-9453-4440197B9C63}.Release|Any CPU.Build.0 = Release|Any CPU
		{C9551FF4-FD1B-4940-9453-4440197B9C63}.Release|x64.ActiveCfg = Release|Any CPU
		{C9551FF4-FD1B-4940-9453-4440197B9C63}.Release|x64.Build.0 = Release|Any CPU
		{C9551FF4-FD1B-4940-9453-4440197B9C63}.Release|x86.ActiveCfg = Release|Any CPU
		{C9551FF4-FD1B-4940-9453-4440197B9C63}.Release|x86.Build.0 = Release|Any CPU
		{4DD45617-BAF8-4A3D-A38D-DB84D2150D4F}.Debug|Any CPU.ActiveCfg = Debug|Any CPU
		{4DD45617-BAF8-4A3D-A38D-DB84D2150D4F}.Debug|Any CPU.Build.0 = Debug|Any CPU
		{4DD45617-BAF8-4A3D-A38D-DB84D2150D4F}.Debug|x64.ActiveCfg = Debug|Any CPU
		{4DD45617-BAF8-4A3D-A38D-DB84D2150D4F}.Debug|x64.Build.0 = Debug|Any CPU
		{4DD45617-BAF8-4A3D-A38D-DB84D2150D4F}.Debug|x86.ActiveCfg = Debug|Any CPU
		{4DD45617-BAF8-4A3D-A38D-DB84D2150D4F}.Debug|x86.Build.0 = Debug|Any CPU
		{4DD45617-BAF8-4A3D-A38D-DB84D2150D4F}.Release|Any CPU.ActiveCfg = Release|Any CPU
		{4DD45617-BAF8-4A3D-A38D-DB84D2150D4F}.Release|Any CPU.Build.0 = Release|Any CPU
		{4DD45617-BAF8-4A3D-A38D-DB84D2150D4F}.Release|x64.ActiveCfg = Release|Any CPU
		{4DD45617-BAF8-4A3D-A38D-DB84D2150D4F}.Release|x64.Build.0 = Release|Any CPU
		{4DD45617-BAF8-4A3D-A38D-DB84D2150D4F}.Release|x86.ActiveCfg = Release|Any CPU
		{4DD45617-BAF8-4A3D-A38D-DB84D2150D4F}.Release|x86.Build.0 = Release|Any CPU
	EndGlobalSection
	GlobalSection(SolutionProperties) = preSolution
		HideSolutionNode = FALSE
	EndGlobalSection
	GlobalSection(NestedProjects) = preSolution
		{0F9113EE-888A-26D2-68B0-4A7D0A2A8745} = {1AE8ACA6-933B-BF2A-3671-3E2EAC007D16}
		{86D94C65-4D0B-4CE7-8E0E-AEC2DCD5E035} = {0F9113EE-888A-26D2-68B0-4A7D0A2A8745}
		{09BD0BF5-E193-4550-BF3E-0596BDDB8533} = {0F9113EE-888A-26D2-68B0-4A7D0A2A8745}
		{AF923C29-7E6C-4CC1-936D-F056C2BF24E4} = {0F9113EE-888A-26D2-68B0-4A7D0A2A8745}
		{9A4E51F4-DBD0-4EB0-88F9-7891242654DC} = {0F9113EE-888A-26D2-68B0-4A7D0A2A8745}
		{F57642F3-C37C-D174-720E-6A6AAD5BEE22} = {1AE8ACA6-933B-BF2A-3671-3E2EAC007D16}
		{C9551FF4-FD1B-4940-9453-4440197B9C63} = {F57642F3-C37C-D174-720E-6A6AAD5BEE22}
		{4DD45617-BAF8-4A3D-A38D-DB84D2150D4F} = {F57642F3-C37C-D174-720E-6A6AAD5BEE22}
	EndGlobalSection
EndGlobal
